
Microsoft Visual Studio Solution File, Format Version 12.00
# Visual Studio Version 16
VisualStudioVersion = 16.0.32802.440
MinimumVisualStudioVersion = 10.0.40219.1
Project("{FAE04EC0-301F-11D3-BF4B-00C04F79EFBC}") = "AccesoDatos", "AccesoDatos\AccesoDatos.csproj", "{7C3F27A1-1FB3-4F6D-B26E-4115B8A5AA1B}"
EndProject
Project("{FAE04EC0-301F-11D3-BF4B-00C04F79EFBC}") = "Entidades", "Entidades\Entidades.csproj", "{BBCE4B0D-323C-459A-9D1B-7A898FA35A25}"
EndProject
Project("{FAE04EC0-301F-11D3-BF4B-00C04F79EFBC}") = "Negocio", "Negocio\Negocio.csproj", "{371BA6E2-70D8-463B-A54D-145A96E23E80}"
EndProject
Project("{FAE04EC0-301F-11D3-BF4B-00C04F79EFBC}") = "WebApi", "WebApi\WebApi.csproj", "{933327AB-CC20-4514-8A6E-0EF976C39C18}"
EndProject
Global
	GlobalSection(SolutionConfigurationPlatforms) = preSolution
		Debug|Any CPU = Debug|Any CPU
		Release|Any CPU = Release|Any CPU
	EndGlobalSection
	GlobalSection(ProjectConfigurationPlatforms) = postSolution
		{7C3F27A1-1FB3-4F6D-B26E-4115B8A5AA1B}.Debug|Any CPU.ActiveCfg = Debug|Any CPU
		{7C3F27A1-1FB3-4F6D-B26E-4115B8A5AA1B}.Debug|Any CPU.Build.0 = Debug|Any CPU
		{7C3F27A1-1FB3-4F6D-B26E-4115B8A5AA1B}.Release|Any CPU.ActiveCfg = Release|Any CPU
		{7C3F27A1-1FB3-4F6D-B26E-4115B8A5AA1B}.Release|Any CPU.Build.0 = Release|Any CPU
		{BBCE4B0D-323C-459A-9D1B-7A898FA35A25}.Debug|Any CPU.ActiveCfg = Debug|Any CPU
		{BBCE4B0D-323C-459A-9D1B-7A898FA35A25}.Debug|Any CPU.Build.0 = Debug|Any CPU
		{BBCE4B0D-323C-459A-9D1B-7A898FA35A25}.Release|Any CPU.ActiveCfg = Release|Any CPU
		{BBCE4B0D-323C-459A-9D1B-7A898FA35A25}.Release|Any CPU.Build.0 = Release|Any CPU
		{371BA6E2-70D8-463B-A54D-145A96E23E80}.Debug|Any CPU.ActiveCfg = Debug|Any CPU
		{371BA6E2-70D8-463B-A54D-145A96E23E80}.Debug|Any CPU.Build.0 = Debug|Any CPU
		{371BA6E2-70D8-463B-A54D-145A96E23E80}.Release|Any CPU.ActiveCfg = Release|Any CPU
		{371BA6E2-70D8-463B-A54D-145A96E23E80}.Release|Any CPU.Build.0 = Release|Any CPU
		{933327AB-CC20-4514-8A6E-0EF976C39C18}.Debug|Any CPU.ActiveCfg = Debug|Any CPU
		{933327AB-CC20-4514-8A6E-0EF976C39C18}.Debug|Any CPU.Build.0 = Debug|Any CPU
		{933327AB-CC20-4514-8A6E-0EF976C39C18}.Release|Any CPU.ActiveCfg = Release|Any CPU
		{933327AB-CC20-4514-8A6E-0EF976C39C18}.Release|Any CPU.Build.0 = Release|Any CPU
	EndGlobalSection
	GlobalSection(SolutionProperties) = preSolution
		HideSolutionNode = FALSE
	EndGlobalSection
	GlobalSection(ExtensibilityGlobals) = postSolution
		SolutionGuid = {C3A6EEEB-4571-430F-BA50-6C53386062B0}
	EndGlobalSection
EndGlobal
